
Microsoft Visual Studio Solution File, Format Version 12.00
# Visual Studio Version 16
VisualStudioVersion = 16.0.33927.289
MinimumVisualStudioVersion = 10.0.40219.1
Project("{FAE04EC0-301F-11D3-BF4B-00C04F79EFBC}") = "Tyuiu.GurevskayaVE.Sprint4.Task0.V22", "Tyuiu.GurevskayaVE.Sprint4.Task0.V22\Tyuiu.GurevskayaVE.Sprint4.Task0.V22.csproj", "{3F7D7781-5899-4880-A1D0-1FE3533329E8}"
EndProject
Project("{2150E333-8FDC-42A3-9474-1A3956D46DE8}") = "task0", "task0", "{3B8A461C-4887-4B6F-9707-CC93667BE207}"
EndProject
Project("{FAE04EC0-301F-11D3-BF4B-00C04F79EFBC}") = "Tyuiu.GurevskayaVE.Sprint4.Task0.V22.Lib", "Tyuiu.GurevskayaVE.Sprint4.Task0.V22.Lib\Tyuiu.GurevskayaVE.Sprint4.Task0.V22.Lib.csproj", "{5496C5E1-736A-4C5E-AE17-4E2601694070}"
EndProject
Project("{FAE04EC0-301F-11D3-BF4B-00C04F79EFBC}") = "Tyuiu.GurevskayaVE.Sprint4.Task0.V22.Test", "Tyuiu.GurevskayaVE.Sprint4.Task0.V22.Test\Tyuiu.GurevskayaVE.Sprint4.Task0.V22.Test.csproj", "{B6B52D0C-35A8-4658-B380-3FDF8D370F06}"
EndProject
Project("{2150E333-8FDC-42A3-9474-1A3956D46DE8}") = "task1", "task1", "{D5367EE0-BEFC-4260-B321-1EFE2D36AD75}"
EndProject
Project("{FAE04EC0-301F-11D3-BF4B-00C04F79EFBC}") = "Tyuiu.GurevskayaVE.Sprint4.Task1.V21", "Tyuiu.GurevskayaVE.Sprint4.Task1.V21\Tyuiu.GurevskayaVE.Sprint4.Task1.V21.csproj", "{50285DB7-8A0C-4879-A64D-16675E0173F9}"
EndProject
Project("{FAE04EC0-301F-11D3-BF4B-00C04F79EFBC}") = "Tyuiu.GurevskayaVE.Sprint4.Task1.V21.Lib", "Tyuiu.GurevskayaVE.Sprint4.Task1.V21.Lib\Tyuiu.GurevskayaVE.Sprint4.Task1.V21.Lib.csproj", "{4418DF20-20F6-4847-9934-7813A1FE0909}"
EndProject
Project("{FAE04EC0-301F-11D3-BF4B-00C04F79EFBC}") = "Tyuiu.GurevskayaVE.Sprint4.Task1.V21.Test", "Tyuiu.GurevskayaVE.Sprint4.Task1.V21.Test\Tyuiu.GurevskayaVE.Sprint4.Task1.V21.Test.csproj", "{14F26CF5-92D3-4DB1-B4A0-A74BD05E42B8}"
EndProject
Project("{2150E333-8FDC-42A3-9474-1A3956D46DE8}") = "task2", "task2", "{7E67CA0A-9BF7-47BB-BC51-D0CD96715F01}"
EndProject
Project("{FAE04EC0-301F-11D3-BF4B-00C04F79EFBC}") = "Tyuiu.GurevskayaVE.Sprint4.Task2.V26", "Tyuiu.GurevskayaVE.Sprint4.Task2.V26\Tyuiu.GurevskayaVE.Sprint4.Task2.V26.csproj", "{19B3A7BB-8C9D-4646-A25C-18C7DB70FDE9}"
EndProject
Project("{FAE04EC0-301F-11D3-BF4B-00C04F79EFBC}") = "Tyuiu.GurevskayaVE.Sprint4.Task2.V26.Lib", "Tyuiu.GurevskayaVE.Sprint4.Task2.V26.Lib\Tyuiu.GurevskayaVE.Sprint4.Task2.V26.Lib.csproj", "{5B02D792-1DED-494B-9AE0-9EC167D9D2AF}"
EndProject
Project("{FAE04EC0-301F-11D3-BF4B-00C04F79EFBC}") = "Tyuiu.GurevskayaVE.Sprint4.Task2.V26.Test", "Tyuiu.GurevskayaVE.Sprint4.Task2.V26.Test\Tyuiu.GurevskayaVE.Sprint4.Task2.V26.Test.csproj", "{603E5FA5-9C60-4CA9-A7BD-3C324BEF6990}"
EndProject
Project("{2150E333-8FDC-42A3-9474-1A3956D46DE8}") = "task3", "task3", "{374D921F-8E48-4E98-90B7-C3DAA4EC8E35}"
EndProject
Project("{FAE04EC0-301F-11D3-BF4B-00C04F79EFBC}") = "Tyuiu.GurevskayaVE.Sprint4.Task3.V29", "Tyuiu.GurevskayaVE.Sprint4.Task3.V29\Tyuiu.GurevskayaVE.Sprint4.Task3.V29.csproj", "{AEC10D29-4C1A-4287-87F5-8BDF07A80F64}"
EndProject
Project("{FAE04EC0-301F-11D3-BF4B-00C04F79EFBC}") = "Tyuiu.GurevskayaVE.Sprint4.Task3.V29.Lib", "Tyuiu.GurevskayaVE.Sprint4.Task3.V29.Lib\Tyuiu.GurevskayaVE.Sprint4.Task3.V29.Lib.csproj", "{41C998DB-B67F-4EF0-AB44-1682A1B7602A}"
EndProject
Project("{FAE04EC0-301F-11D3-BF4B-00C04F79EFBC}") = "Tyuiu.GurevskayaVE.Sprint4.Task3.V29.Test", "Tyuiu.GurevskayaVE.Sprint4.Task3.V29.Test\Tyuiu.GurevskayaVE.Sprint4.Task3.V29.Test.csproj", "{02E40416-1491-404C-BDE8-C27BF3BB0A13}"
EndProject
Project("{2150E333-8FDC-42A3-9474-1A3956D46DE8}") = "task4", "task4", "{DF7C4C08-A1DF-49FE-A3E1-EF3DCF130E17}"
EndProject
Project("{FAE04EC0-301F-11D3-BF4B-00C04F79EFBC}") = "Tyuiu.GurevskayaVE.Sprint4.Task4.V12", "Tyuiu.GurevskayaVE.Sprint4.Task4.V12\Tyuiu.GurevskayaVE.Sprint4.Task4.V12.csproj", "{27C1E35B-51DC-4A30-9AFB-F1F7097FBA72}"
EndProject
Project("{FAE04EC0-301F-11D3-BF4B-00C04F79EFBC}") = "Tyuiu.GurevskayaVE.Sprint4.Task4.V12.Lib", "Tyuiu.GurevskayaVE.Sprint4.Task4.V12.Lib\Tyuiu.GurevskayaVE.Sprint4.Task4.V12.Lib.csproj", "{329F1AEA-3E44-427C-B926-E2A0C2D6FF40}"
EndProject
Project("{FAE04EC0-301F-11D3-BF4B-00C04F79EFBC}") = "Tyuiu.GurevskayaVE.Sprint4.Task4.V12.Test", "Tyuiu.GurevskayaVE.Sprint4.Task4.V12.Test\Tyuiu.GurevskayaVE.Sprint4.Task4.V12.Test.csproj", "{8BB86C86-50CC-4E60-A406-7456E3387C0C}"
EndProject
Project("{2150E333-8FDC-42A3-9474-1A3956D46DE8}") = "task5", "task5", "{B0AE31CC-2F79-429D-B829-E06B4854E131}"
EndProject
Project("{FAE04EC0-301F-11D3-BF4B-00C04F79EFBC}") = "Tyuiu.GurevskayaVE.Sprint4.Task5.V9", "Tyuiu.GurevskayaVE.Sprint4.Task5.V9\Tyuiu.GurevskayaVE.Sprint4.Task5.V9.csproj", "{9F953975-6FCB-4348-9DB6-E7A6A776DD79}"
EndProject
Project("{FAE04EC0-301F-11D3-BF4B-00C04F79EFBC}") = "Tyuiu.GurevskayaVE.Sprint4.Task5.V9.Lib", "Tyuiu.GurevskayaVE.Sprint4.Task5.V9.Lib\Tyuiu.GurevskayaVE.Sprint4.Task5.V9.Lib.csproj", "{EC6FE948-CC48-4886-B66A-67EFEE423CFB}"
EndProject
Project("{FAE04EC0-301F-11D3-BF4B-00C04F79EFBC}") = "Tyuiu.GurevskayaVE.Sprint4.Task5.V9.Test", "Tyuiu.GurevskayaVE.Sprint4.Task5.V9.Test\Tyuiu.GurevskayaVE.Sprint4.Task5.V9.Test.csproj", "{9865194B-CF0D-40C2-A127-6EC5F7A0C44C}"
EndProject
Project("{2150E333-8FDC-42A3-9474-1A3956D46DE8}") = "task6", "task6", "{0EEAFB16-2F5F-4D93-8D10-1093462C76CF}"
EndProject
Project("{FAE04EC0-301F-11D3-BF4B-00C04F79EFBC}") = "Tyuiu.GurevskayaVE.Sprint4.Task6.V20", "Tyuiu.GurevskayaVE.Sprint4.Task6.V20\Tyuiu.GurevskayaVE.Sprint4.Task6.V20.csproj", "{79C00948-A62D-48B0-832C-AF32FC0DBB6C}"
EndProject
Project("{FAE04EC0-301F-11D3-BF4B-00C04F79EFBC}") = "Tyuiu.GurevskayaVE.Sprint4.Task6.V20.Lib", "Tyuiu.GurevskayaVE.Sprint4.Task6.V20.Lib\Tyuiu.GurevskayaVE.Sprint4.Task6.V20.Lib.csproj", "{9EB979B5-6C29-40CD-85AB-D7BA3723049B}"
EndProject
Project("{FAE04EC0-301F-11D3-BF4B-00C04F79EFBC}") = "Tyuiu.GurevskayaVE.Sprint4.Task6.V20.Test", "Tyuiu.GurevskayaVE.Sprint4.Task6.V20.Test\Tyuiu.GurevskayaVE.Sprint4.Task6.V20.Test.csproj", "{03F437D2-054C-4324-A5CC-E559776205B3}"
EndProject
Global
	GlobalSection(SolutionConfigurationPlatforms) = preSolution
		Debug|Any CPU = Debug|Any CPU
		Release|Any CPU = Release|Any CPU
	EndGlobalSection
	GlobalSection(ProjectConfigurationPlatforms) = postSolution
		{3F7D7781-5899-4880-A1D0-1FE3533329E8}.Debug|Any CPU.ActiveCfg = Debug|Any CPU
		{3F7D7781-5899-4880-A1D0-1FE3533329E8}.Debug|Any CPU.Build.0 = Debug|Any CPU
		{3F7D7781-5899-4880-A1D0-1FE3533329E8}.Release|Any CPU.ActiveCfg = Release|Any CPU
		{3F7D7781-5899-4880-A1D0-1FE3533329E8}.Release|Any CPU.Build.0 = Release|Any CPU
		{5496C5E1-736A-4C5E-AE17-4E2601694070}.Debug|Any CPU.ActiveCfg = Debug|Any CPU
		{5496C5E1-736A-4C5E-AE17-4E2601694070}.Debug|Any CPU.Build.0 = Debug|Any CPU
		{5496C5E1-736A-4C5E-AE17-4E2601694070}.Release|Any CPU.ActiveCfg = Release|Any CPU
		{5496C5E1-736A-4C5E-AE17-4E2601694070}.Release|Any CPU.Build.0 = Release|Any CPU
		{B6B52D0C-35A8-4658-B380-3FDF8D370F06}.Debug|Any CPU.ActiveCfg = Debug|Any CPU
		{B6B52D0C-35A8-4658-B380-3FDF8D370F06}.Debug|Any CPU.Build.0 = Debug|Any CPU
		{B6B52D0C-35A8-4658-B380-3FDF8D370F06}.Release|Any CPU.ActiveCfg = Release|Any CPU
		{B6B52D0C-35A8-4658-B380-3FDF8D370F06}.Release|Any CPU.Build.0 = Release|Any CPU
		{50285DB7-8A0C-4879-A64D-16675E0173F9}.Debug|Any CPU.ActiveCfg = Debug|Any CPU
		{50285DB7-8A0C-4879-A64D-16675E0173F9}.Debug|Any CPU.Build.0 = Debug|Any CPU
		{50285DB7-8A0C-4879-A64D-16675E0173F9}.Release|Any CPU.ActiveCfg = Release|Any CPU
		{50285DB7-8A0C-4879-A64D-16675E0173F9}.Release|Any CPU.Build.0 = Release|Any CPU
		{4418DF20-20F6-4847-9934-7813A1FE0909}.Debug|Any CPU.ActiveCfg = Debug|Any CPU
		{4418DF20-20F6-4847-9934-7813A1FE0909}.Debug|Any CPU.Build.0 = Debug|Any CPU
		{4418DF20-20F6-4847-9934-7813A1FE0909}.Release|Any CPU.ActiveCfg = Release|Any CPU
		{4418DF20-20F6-4847-9934-7813A1FE0909}.Release|Any CPU.Build.0 = Release|Any CPU
		{14F26CF5-92D3-4DB1-B4A0-A74BD05E42B8}.Debug|Any CPU.ActiveCfg = Debug|Any CPU
		{14F26CF5-92D3-4DB1-B4A0-A74BD05E42B8}.Debug|Any CPU.Build.0 = Debug|Any CPU
		{14F26CF5-92D3-4DB1-B4A0-A74BD05E42B8}.Release|Any CPU.ActiveCfg = Release|Any CPU
		{14F26CF5-92D3-4DB1-B4A0-A74BD05E42B8}.Release|Any CPU.Build.0 = Release|Any CPU
		{19B3A7BB-8C9D-4646-A25C-18C7DB70FDE9}.Debug|Any CPU.ActiveCfg = Debug|Any CPU
		{19B3A7BB-8C9D-4646-A25C-18C7DB70FDE9}.Debug|Any CPU.Build.0 = Debug|Any CPU
		{19B3A7BB-8C9D-4646-A25C-18C7DB70FDE9}.Release|Any CPU.ActiveCfg = Release|Any CPU
		{19B3A7BB-8C9D-4646-A25C-18C7DB70FDE9}.Release|Any CPU.Build.0 = Release|Any CPU
		{5B02D792-1DED-494B-9AE0-9EC167D9D2AF}.Debug|Any CPU.ActiveCfg = Debug|Any CPU
		{5B02D792-1DED-494B-9AE0-9EC167D9D2AF}.Debug|Any CPU.Build.0 = Debug|Any CPU
		{5B02D792-1DED-494B-9AE0-9EC167D9D2AF}.Release|Any CPU.ActiveCfg = Release|Any CPU
		{5B02D792-1DED-494B-9AE0-9EC167D9D2AF}.Release|Any CPU.Build.0 = Release|Any CPU
		{603E5FA5-9C60-4CA9-A7BD-3C324BEF6990}.Debug|Any CPU.ActiveCfg = Debug|Any CPU
		{603E5FA5-9C60-4CA9-A7BD-3C324BEF6990}.Debug|Any CPU.Build.0 = Debug|Any CPU
		{603E5FA5-9C60-4CA9-A7BD-3C324BEF6990}.Release|Any CPU.ActiveCfg = Release|Any CPU
		{603E5FA5-9C60-4CA9-A7BD-3C324BEF6990}.Release|Any CPU.Build.0 = Release|Any CPU
		{AEC10D29-4C1A-4287-87F5-8BDF07A80F64}.Debug|Any CPU.ActiveCfg = Debug|Any CPU
		{AEC10D29-4C1A-4287-87F5-8BDF07A80F64}.Debug|Any CPU.Build.0 = Debug|Any CPU
		{AEC10D29-4C1A-4287-87F5-8BDF07A80F64}.Release|Any CPU.ActiveCfg = Release|Any CPU
		{AEC10D29-4C1A-4287-87F5-8BDF07A80F64}.Release|Any CPU.Build.0 = Release|Any CPU
		{41C998DB-B67F-4EF0-AB44-1682A1B7602A}.Debug|Any CPU.ActiveCfg = Debug|Any CPU
		{41C998DB-B67F-4EF0-AB44-1682A1B7602A}.Debug|Any CPU.Build.0 = Debug|Any CPU
		{41C998DB-B67F-4EF0-AB44-1682A1B7602A}.Release|Any CPU.ActiveCfg = Release|Any CPU
		{41C998DB-B67F-4EF0-AB44-1682A1B7602A}.Release|Any CPU.Build.0 = Release|Any CPU
		{02E40416-1491-404C-BDE8-C27BF3BB0A13}.Debug|Any CPU.ActiveCfg = Debug|Any CPU
		{02E40416-1491-404C-BDE8-C27BF3BB0A13}.Debug|Any CPU.Build.0 = Debug|Any CPU
		{02E40416-1491-404C-BDE8-C27BF3BB0A13}.Release|Any CPU.ActiveCfg = Release|Any CPU
		{02E40416-1491-404C-BDE8-C27BF3BB0A13}.Release|Any CPU.Build.0 = Release|Any CPU
		{27C1E35B-51DC-4A30-9AFB-F1F7097FBA72}.Debug|Any CPU.ActiveCfg = Debug|Any CPU
		{27C1E35B-51DC-4A30-9AFB-F1F7097FBA72}.Debug|Any CPU.Build.0 = Debug|Any CPU
		{27C1E35B-51DC-4A30-9AFB-F1F7097FBA72}.Release|Any CPU.ActiveCfg = Release|Any CPU
		{27C1E35B-51DC-4A30-9AFB-F1F7097FBA72}.Release|Any CPU.Build.0 = Release|Any CPU
		{329F1AEA-3E44-427C-B926-E2A0C2D6FF40}.Debug|Any CPU.ActiveCfg = Debug|Any CPU
		{329F1AEA-3E44-427C-B926-E2A0C2D6FF40}.Debug|Any CPU.Build.0 = Debug|Any CPU
		{329F1AEA-3E44-427C-B926-E2A0C2D6FF40}.Release|Any CPU.ActiveCfg = Release|Any CPU
		{329F1AEA-3E44-427C-B926-E2A0C2D6FF40}.Release|Any CPU.Build.0 = Release|Any CPU
		{8BB86C86-50CC-4E60-A406-7456E3387C0C}.Debug|Any CPU.ActiveCfg = Debug|Any CPU
		{8BB86C86-50CC-4E60-A406-7456E3387C0C}.Debug|Any CPU.Build.0 = Debug|Any CPU
		{8BB86C86-50CC-4E60-A406-7456E3387C0C}.Release|Any CPU.ActiveCfg = Release|Any CPU
		{8BB86C86-50CC-4E60-A406-7456E3387C0C}.Release|Any CPU.Build.0 = Release|Any CPU
		{9F953975-6FCB-4348-9DB6-E7A6A776DD79}.Debug|Any CPU.ActiveCfg = Debug|Any CPU
		{9F953975-6FCB-4348-9DB6-E7A6A776DD79}.Debug|Any CPU.Build.0 = Debug|Any CPU
		{9F953975-6FCB-4348-9DB6-E7A6A776DD79}.Release|Any CPU.ActiveCfg = Release|Any CPU
		{9F953975-6FCB-4348-9DB6-E7A6A776DD79}.Release|Any CPU.Build.0 = Release|Any CPU
		{EC6FE948-CC48-4886-B66A-67EFEE423CFB}.Debug|Any CPU.ActiveCfg = Debug|Any CPU
		{EC6FE948-CC48-4886-B66A-67EFEE423CFB}.Debug|Any CPU.Build.0 = Debug|Any CPU
		{EC6FE948-CC48-4886-B66A-67EFEE423CFB}.Release|Any CPU.ActiveCfg = Release|Any CPU
		{EC6FE948-CC48-4886-B66A-67EFEE423CFB}.Release|Any CPU.Build.0 = Release|Any CPU
		{9865194B-CF0D-40C2-A127-6EC5F7A0C44C}.Debug|Any CPU.ActiveCfg = Debug|Any CPU
		{9865194B-CF0D-40C2-A127-6EC5F7A0C44C}.Debug|Any CPU.Build.0 = Debug|Any CPU
		{9865194B-CF0D-40C2-A127-6EC5F7A0C44C}.Release|Any CPU.ActiveCfg = Release|Any CPU
		{9865194B-CF0D-40C2-A127-6EC5F7A0C44C}.Release|Any CPU.Build.0 = Release|Any CPU
		{79C00948-A62D-48B0-832C-AF32FC0DBB6C}.Debug|Any CPU.ActiveCfg = Debug|Any CPU
		{79C00948-A62D-48B0-832C-AF32FC0DBB6C}.Debug|Any CPU.Build.0 = Debug|Any CPU
		{79C00948-A62D-48B0-832C-AF32FC0DBB6C}.Release|Any CPU.ActiveCfg = Release|Any CPU
		{79C00948-A62D-48B0-832C-AF32FC0DBB6C}.Release|Any CPU.Build.0 = Release|Any CPU
		{9EB979B5-6C29-40CD-85AB-D7BA3723049B}.Debug|Any CPU.ActiveCfg = Debug|Any CPU
		{9EB979B5-6C29-40CD-85AB-D7BA3723049B}.Debug|Any CPU.Build.0 = Debug|Any CPU
		{9EB979B5-6C29-40CD-85AB-D7BA3723049B}.Release|Any CPU.ActiveCfg = Release|Any CPU
		{9EB979B5-6C29-40CD-85AB-D7BA3723049B}.Release|Any CPU.Build.0 = Release|Any CPU
		{03F437D2-054C-4324-A5CC-E559776205B3}.Debug|Any CPU.ActiveCfg = Debug|Any CPU
		{03F437D2-054C-4324-A5CC-E559776205B3}.Debug|Any CPU.Build.0 = Debug|Any CPU
		{03F437D2-054C-4324-A5CC-E559776205B3}.Release|Any CPU.ActiveCfg = Release|Any CPU
		{03F437D2-054C-4324-A5CC-E559776205B3}.Release|Any CPU.Build.0 = Release|Any CPU
	EndGlobalSection
	GlobalSection(SolutionProperties) = preSolution
		HideSolutionNode = FALSE
	EndGlobalSection
	GlobalSection(NestedProjects) = preSolution
		{3F7D7781-5899-4880-A1D0-1FE3533329E8} = {3B8A461C-4887-4B6F-9707-CC93667BE207}
		{5496C5E1-736A-4C5E-AE17-4E2601694070} = {3B8A461C-4887-4B6F-9707-CC93667BE207}
		{B6B52D0C-35A8-4658-B380-3FDF8D370F06} = {3B8A461C-4887-4B6F-9707-CC93667BE207}
		{50285DB7-8A0C-4879-A64D-16675E0173F9} = {D5367EE0-BEFC-4260-B321-1EFE2D36AD75}
		{4418DF20-20F6-4847-9934-7813A1FE0909} = {D5367EE0-BEFC-4260-B321-1EFE2D36AD75}
		{14F26CF5-92D3-4DB1-B4A0-A74BD05E42B8} = {D5367EE0-BEFC-4260-B321-1EFE2D36AD75}
		{19B3A7BB-8C9D-4646-A25C-18C7DB70FDE9} = {7E67CA0A-9BF7-47BB-BC51-D0CD96715F01}
		{5B02D792-1DED-494B-9AE0-9EC167D9D2AF} = {7E67CA0A-9BF7-47BB-BC51-D0CD96715F01}
		{603E5FA5-9C60-4CA9-A7BD-3C324BEF6990} = {7E67CA0A-9BF7-47BB-BC51-D0CD96715F01}
		{AEC10D29-4C1A-4287-87F5-8BDF07A80F64} = {374D921F-8E48-4E98-90B7-C3DAA4EC8E35}
		{41C998DB-B67F-4EF0-AB44-1682A1B7602A} = {374D921F-8E48-4E98-90B7-C3DAA4EC8E35}
		{02E40416-1491-404C-BDE8-C27BF3BB0A13} = {374D921F-8E48-4E98-90B7-C3DAA4EC8E35}
		{27C1E35B-51DC-4A30-9AFB-F1F7097FBA72} = {DF7C4C08-A1DF-49FE-A3E1-EF3DCF130E17}
		{329F1AEA-3E44-427C-B926-E2A0C2D6FF40} = {DF7C4C08-A1DF-49FE-A3E1-EF3DCF130E17}
		{8BB86C86-50CC-4E60-A406-7456E3387C0C} = {DF7C4C08-A1DF-49FE-A3E1-EF3DCF130E17}
		{9F953975-6FCB-4348-9DB6-E7A6A776DD79} = {B0AE31CC-2F79-429D-B829-E06B4854E131}
		{EC6FE948-CC48-4886-B66A-67EFEE423CFB} = {B0AE31CC-2F79-429D-B829-E06B4854E131}
		{9865194B-CF0D-40C2-A127-6EC5F7A0C44C} = {B0AE31CC-2F79-429D-B829-E06B4854E131}
		{79C00948-A62D-48B0-832C-AF32FC0DBB6C} = {0EEAFB16-2F5F-4D93-8D10-1093462C76CF}
		{9EB979B5-6C29-40CD-85AB-D7BA3723049B} = {0EEAFB16-2F5F-4D93-8D10-1093462C76CF}
		{03F437D2-054C-4324-A5CC-E559776205B3} = {0EEAFB16-2F5F-4D93-8D10-1093462C76CF}
	EndGlobalSection
	GlobalSection(ExtensibilityGlobals) = postSolution
		SolutionGuid = {497250EF-2FFE-46AA-B5F3-D5A0B8728FFE}
	EndGlobalSection
EndGlobal
